
Microsoft Visual Studio Solution File, Format Version 12.00
# Visual Studio 15
VisualStudioVersion = 15.0.27703.2026
MinimumVisualStudioVersion = 10.0.40219.1
Project("{FAE04EC0-301F-11D3-BF4B-00C04F79EFBC}") = "OnlineExercises2", "OnlineExercises2\OnlineExercises2.csproj", "{BA89876B-DD4F-4E08-B9FA-6EB073082B93}"
EndProject
Global
	GlobalSection(SolutionConfigurationPlatforms) = preSolution
		Debug|Any CPU = Debug|Any CPU
		Release|Any CPU = Release|Any CPU
	EndGlobalSection
	GlobalSection(ProjectConfigurationPlatforms) = postSolution
		{BA89876B-DD4F-4E08-B9FA-6EB073082B93}.Debug|Any CPU.ActiveCfg = Debug|Any CPU
		{BA89876B-DD4F-4E08-B9FA-6EB073082B93}.Debug|Any CPU.Build.0 = Debug|Any CPU
		{BA89876B-DD4F-4E08-B9FA-6EB073082B93}.Release|Any CPU.ActiveCfg = Release|Any CPU
		{BA89876B-DD4F-4E08-B9FA-6EB073082B93}.Release|Any CPU.Build.0 = Release|Any CPU
	EndGlobalSection
	GlobalSection(SolutionProperties) = preSolution
		HideSolutionNode = FALSE
	EndGlobalSection
	GlobalSection(ExtensibilityGlobals) = postSolution
		SolutionGuid = {6055D869-80D0-4229-AEE4-2EF55AECF4BF}
	EndGlobalSection
EndGlobal
